{
  "requires": true,
  "lockfileVersion": 1,
  "dependencies": {
    "@miniprogram-component-plus/col": {
      "version": "1.0.0",
      "resolved": "https://registry.npm.taobao.org/@miniprogram-component-plus/col/download/@miniprogram-component-plus/col-1.0.0.tgz",
      "integrity": "sha1-vecq4BKjmVO18FgBtSNbJZ7aTls="
    },
    "@miniprogram-component-plus/row": {
      "version": "1.0.0",
      "resolved": "https://registry.npm.taobao.org/@miniprogram-component-plus/row/download/@miniprogram-component-plus/row-1.0.0.tgz",
      "integrity": "sha1-I2oQ8zZOsKHWMcc1yV2c1Oq1KxY="
    },
    "@vant/weapp": {
      "version": "1.6.8",
      "resolved": "https://registry.npm.taobao.org/@vant/weapp/download/@vant/weapp-1.6.8.tgz",
      "integrity": "sha1-lIrhb7oHxaIFTFJ4PyKq9qBEU+E="
    },
    "fast-deep-equal": {
      "version": "2.0.1",
      "resolved": "https://registry.npmjs.org/fast-deep-equal/-/fast-deep-equal-2.0.1.tgz",
      "integrity": "sha1-ewUhjd+WZ79/Nwv3/bLLFf3Qqkk="
    },
    "miniprogram-computed": {
      "version": "4.0.3",
      "resolved": "https://registry.npmjs.org/miniprogram-computed/-/miniprogram-computed-4.0.3.tgz",
      "integrity": "sha512-bHSSSwf5bEJOtwNQRUdWVSv+1M5sKeXKvO3vEfdji1l8/JiAafTsVqfGOzn9nbCBJO6O37AT/K0ATPYpnHxKEA==",
      "requires": {
        "fast-deep-equal": "^2.0.1",
        "rfdc": "^1.1.4"
      }
    },
    "rfdc": {
      "version": "1.3.0",
      "resolved": "https://registry.npmjs.org/rfdc/-/rfdc-1.3.0.tgz",
      "integrity": "sha512-V2hovdzFbOi77/WajaSMXk2OLm+xNIeQdMMuB7icj7bk6zi2F8GGAxigcnDFpJHbNyNcgyJDiP+8nOrY5cZGrA=="
    },
    "weui-miniprogram": {
      "version": "1.0.7",
      "resolved": "https://registry.npm.taobao.org/weui-miniprogram/download/weui-miniprogram-1.0.7.tgz"
    }
  }
}
